
Microsoft Visual Studio Solution File, Format Version 12.00
# Visual Studio Version 16
VisualStudioVersion = 16.0.31424.327
MinimumVisualStudioVersion = 10.0.40219.1
Project("{FAE04EC0-301F-11D3-BF4B-00C04F79EFBC}") = "Task 2", "ConsoleApp5\Task 2.csproj", "{CAA56EB1-05BE-4658-B8F3-D099BED57A41}"
EndProject
Project("{FAE04EC0-301F-11D3-BF4B-00C04F79EFBC}") = "Task 3", "Task 3\Task 3.csproj", "{EF94C28A-6F24-4A6B-BEE2-1E92E0E76123}"
EndProject
Project("{FAE04EC0-301F-11D3-BF4B-00C04F79EFBC}") = "Task 4", "Task 4\Task 4.csproj", "{8ED331C6-037A-48FC-870F-01C2B66A96FF}"
EndProject
Global
	GlobalSection(SolutionConfigurationPlatforms) = preSolution
		Debug|Any CPU = Debug|Any CPU
		Release|Any CPU = Release|Any CPU
	EndGlobalSection
	GlobalSection(ProjectConfigurationPlatforms) = postSolution
		{CAA56EB1-05BE-4658-B8F3-D099BED57A41}.Debug|Any CPU.ActiveCfg = Debug|Any CPU
		{CAA56EB1-05BE-4658-B8F3-D099BED57A41}.Debug|Any CPU.Build.0 = Debug|Any CPU
		{CAA56EB1-05BE-4658-B8F3-D099BED57A41}.Release|Any CPU.ActiveCfg = Release|Any CPU
		{CAA56EB1-05BE-4658-B8F3-D099BED57A41}.Release|Any CPU.Build.0 = Release|Any CPU
		{EF94C28A-6F24-4A6B-BEE2-1E92E0E76123}.Debug|Any CPU.ActiveCfg = Debug|Any CPU
		{EF94C28A-6F24-4A6B-BEE2-1E92E0E76123}.Debug|Any CPU.Build.0 = Debug|Any CPU
		{EF94C28A-6F24-4A6B-BEE2-1E92E0E76123}.Release|Any CPU.ActiveCfg = Release|Any CPU
		{EF94C28A-6F24-4A6B-BEE2-1E92E0E76123}.Release|Any CPU.Build.0 = Release|Any CPU
		{8ED331C6-037A-48FC-870F-01C2B66A96FF}.Debug|Any CPU.ActiveCfg = Debug|Any CPU
		{8ED331C6-037A-48FC-870F-01C2B66A96FF}.Debug|Any CPU.Build.0 = Debug|Any CPU
		{8ED331C6-037A-48FC-870F-01C2B66A96FF}.Release|Any CPU.ActiveCfg = Release|Any CPU
		{8ED331C6-037A-48FC-870F-01C2B66A96FF}.Release|Any CPU.Build.0 = Release|Any CPU
	EndGlobalSection
	GlobalSection(SolutionProperties) = preSolution
		HideSolutionNode = FALSE
	EndGlobalSection
	GlobalSection(ExtensibilityGlobals) = postSolution
		SolutionGuid = {FC59E1F9-66B8-4850-BBD0-5753C1959DE9}
	EndGlobalSection
EndGlobal
